Microsoft Visual Studio Solution File, Format Version 12.00
# Visual Studio Version 17
VisualStudioVersion = 17.5.2.0
MinimumVisualStudioVersion = 10.0.40219.1
Project("{FAE04EC0-301F-11D3-BF4B-00C04F79EFBC}") = "IMS Mobile", "IMS Mobile.csproj", "{4D5A6C34-0D09-FACB-E418-7D0920BD20D1}"
EndProject
Global
	GlobalSection(SolutionConfigurationPlatforms) = preSolution
		Debug|Any CPU = Debug|Any CPU
		Release|Any CPU = Release|Any CPU
	EndGlobalSection
	GlobalSection(ProjectConfigurationPlatforms) = postSolution
		{4D5A6C34-0D09-FACB-E418-7D0920BD20D1}.Debug|Any CPU.ActiveCfg = Debug|Any CPU
		{4D5A6C34-0D09-FACB-E418-7D0920BD20D1}.Debug|Any CPU.Build.0 = Debug|Any CPU
		{4D5A6C34-0D09-FACB-E418-7D0920BD20D1}.Release|Any CPU.ActiveCfg = Release|Any CPU
		{4D5A6C34-0D09-FACB-E418-7D0920BD20D1}.Release|Any CPU.Build.0 = Release|Any CPU
	EndGlobalSection
	GlobalSection(SolutionProperties) = preSolution
		HideSolutionNode = FALSE
	EndGlobalSection
	GlobalSection(ExtensibilityGlobals) = postSolution
		SolutionGuid = {90C5CE85-877D-4367-949C-DD0BBCF05454}
	EndGlobalSection
EndGlobal
